
Microsoft Visual Studio Solution File, Format Version 12.00
# Visual Studio 2013
VisualStudioVersion = 12.0.21005.1
MinimumVisualStudioVersion = 10.0.40219.1
Project("{FAE04EC0-301F-11D3-BF4B-00C04F79EFBC}") = "LeisureToPDF", "LeisureToPDF\LeisureToPDF.csproj", "{AABE7765-942E-4BCC-B160-004A6E092C52}"
EndProject
Project("{FAE04EC0-301F-11D3-BF4B-00C04F79EFBC}") = "LeisureToPDF.Database", "LeisureToPDF.Database\LeisureToPDF.Database.csproj", "{023BFA10-BF7B-44A0-91DB-7444EFF68505}"
EndProject
Project("{FAE04EC0-301F-11D3-BF4B-00C04F79EFBC}") = "LeisureToPDF.Services", "LeisureToPDF.Services\LeisureToPDF.Services.csproj", "{3FE5C1CF-C5E5-4B44-A70C-CA371495437C}"
EndProject
Project("{6141683F-8A12-4E36-9623-2EB02B2C2303}") = "LeisureToPDF.Setup", "Setup1\LeisureToPDF.Setup.isproj", "{D63C63F0-199A-48C9-B603-96B74BCE54E9}"
	ProjectSection(ProjectDependencies) = postProject
		{023BFA10-BF7B-44A0-91DB-7444EFF68505} = {023BFA10-BF7B-44A0-91DB-7444EFF68505}
		{AABE7765-942E-4BCC-B160-004A6E092C52} = {AABE7765-942E-4BCC-B160-004A6E092C52}
		{3FE5C1CF-C5E5-4B44-A70C-CA371495437C} = {3FE5C1CF-C5E5-4B44-A70C-CA371495437C}
	EndProjectSection
EndProject
Global
	GlobalSection(SolutionConfigurationPlatforms) = preSolution
		CD_ROM|Any CPU = CD_ROM|Any CPU
		Debug|Any CPU = Debug|Any CPU
		DVD-5|Any CPU = DVD-5|Any CPU
		Release|Any CPU = Release|Any CPU
		SingleImage|Any CPU = SingleImage|Any CPU
	EndGlobalSection
	GlobalSection(ProjectConfigurationPlatforms) = postSolution
		{AABE7765-942E-4BCC-B160-004A6E092C52}.CD_ROM|Any CPU.ActiveCfg = Release|Any CPU
		{AABE7765-942E-4BCC-B160-004A6E092C52}.CD_ROM|Any CPU.Build.0 = Release|Any CPU
		{AABE7765-942E-4BCC-B160-004A6E092C52}.Debug|Any CPU.ActiveCfg = Debug|Any CPU
		{AABE7765-942E-4BCC-B160-004A6E092C52}.Debug|Any CPU.Build.0 = Debug|Any CPU
		{AABE7765-942E-4BCC-B160-004A6E092C52}.DVD-5|Any CPU.ActiveCfg = Debug|Any CPU
		{AABE7765-942E-4BCC-B160-004A6E092C52}.DVD-5|Any CPU.Build.0 = Debug|Any CPU
		{AABE7765-942E-4BCC-B160-004A6E092C52}.Release|Any CPU.ActiveCfg = Release|Any CPU
		{AABE7765-942E-4BCC-B160-004A6E092C52}.Release|Any CPU.Build.0 = Release|Any CPU
		{AABE7765-942E-4BCC-B160-004A6E092C52}.SingleImage|Any CPU.ActiveCfg = Release|Any CPU
		{AABE7765-942E-4BCC-B160-004A6E092C52}.SingleImage|Any CPU.Build.0 = Release|Any CPU
		{023BFA10-BF7B-44A0-91DB-7444EFF68505}.CD_ROM|Any CPU.ActiveCfg = Release|Any CPU
		{023BFA10-BF7B-44A0-91DB-7444EFF68505}.CD_ROM|Any CPU.Build.0 = Release|Any CPU
		{023BFA10-BF7B-44A0-91DB-7444EFF68505}.Debug|Any CPU.ActiveCfg = Debug|Any CPU
		{023BFA10-BF7B-44A0-91DB-7444EFF68505}.Debug|Any CPU.Build.0 = Debug|Any CPU
		{023BFA10-BF7B-44A0-91DB-7444EFF68505}.DVD-5|Any CPU.ActiveCfg = Debug|Any CPU
		{023BFA10-BF7B-44A0-91DB-7444EFF68505}.DVD-5|Any CPU.Build.0 = Debug|Any CPU
		{023BFA10-BF7B-44A0-91DB-7444EFF68505}.Release|Any CPU.ActiveCfg = Release|Any CPU
		{023BFA10-BF7B-44A0-91DB-7444EFF68505}.Release|Any CPU.Build.0 = Release|Any CPU
		{023BFA10-BF7B-44A0-91DB-7444EFF68505}.SingleImage|Any CPU.ActiveCfg = Release|Any CPU
		{023BFA10-BF7B-44A0-91DB-7444EFF68505}.SingleImage|Any CPU.Build.0 = Release|Any CPU
		{3FE5C1CF-C5E5-4B44-A70C-CA371495437C}.CD_ROM|Any CPU.ActiveCfg = Release|Any CPU
		{3FE5C1CF-C5E5-4B44-A70C-CA371495437C}.CD_ROM|Any CPU.Build.0 = Release|Any CPU
		{3FE5C1CF-C5E5-4B44-A70C-CA371495437C}.Debug|Any CPU.ActiveCfg = Debug|Any CPU
		{3FE5C1CF-C5E5-4B44-A70C-CA371495437C}.Debug|Any CPU.Build.0 = Debug|Any CPU
		{3FE5C1CF-C5E5-4B44-A70C-CA371495437C}.DVD-5|Any CPU.ActiveCfg = Debug|Any CPU
		{3FE5C1CF-C5E5-4B44-A70C-CA371495437C}.DVD-5|Any CPU.Build.0 = Debug|Any CPU
		{3FE5C1CF-C5E5-4B44-A70C-CA371495437C}.Release|Any CPU.ActiveCfg = Release|Any CPU
		{3FE5C1CF-C5E5-4B44-A70C-CA371495437C}.Release|Any CPU.Build.0 = Release|Any CPU
		{3FE5C1CF-C5E5-4B44-A70C-CA371495437C}.SingleImage|Any CPU.ActiveCfg = Release|Any CPU
		{3FE5C1CF-C5E5-4B44-A70C-CA371495437C}.SingleImage|Any CPU.Build.0 = Release|Any CPU
		{D63C63F0-199A-48C9-B603-96B74BCE54E9}.CD_ROM|Any CPU.ActiveCfg = CD_ROM
		{D63C63F0-199A-48C9-B603-96B74BCE54E9}.CD_ROM|Any CPU.Build.0 = CD_ROM
		{D63C63F0-199A-48C9-B603-96B74BCE54E9}.Debug|Any CPU.ActiveCfg = DVD-5
		{D63C63F0-199A-48C9-B603-96B74BCE54E9}.Debug|Any CPU.Build.0 = DVD-5
		{D63C63F0-199A-48C9-B603-96B74BCE54E9}.DVD-5|Any CPU.ActiveCfg = DVD-5
		{D63C63F0-199A-48C9-B603-96B74BCE54E9}.DVD-5|Any CPU.Build.0 = DVD-5
		{D63C63F0-199A-48C9-B603-96B74BCE54E9}.Release|Any CPU.ActiveCfg = SingleImage
		{D63C63F0-199A-48C9-B603-96B74BCE54E9}.Release|Any CPU.Build.0 = SingleImage
		{D63C63F0-199A-48C9-B603-96B74BCE54E9}.SingleImage|Any CPU.ActiveCfg = SingleImage
		{D63C63F0-199A-48C9-B603-96B74BCE54E9}.SingleImage|Any CPU.Build.0 = SingleImage
	EndGlobalSection
	GlobalSection(SolutionProperties) = preSolution
		HideSolutionNode = FALSE
	EndGlobalSection
EndGlobal
